// !$*UTF8*$!
{
	archiveVersion = 1;
	classes = {
	};
	objectVersion = 46;
	objects = {

/* Begin PBXBuildFile section */
		A438072F18E766C700E89BC5 /* libcod5.a in Frameworks */ = {isa = PBXBuildFile; fileRef = A438072A18E763CF00E89BC5 /* libcod5.a */; };
		A438073718E76A5800E89BC5 /* main.cpp in Sources */ = {isa = PBXBuildFile; fileRef = A438073618E76A5800E89BC5 /* main.cpp */; };
		A438073918E76A5800E89BC5 /* c5.1 in CopyFiles */ = {isa = PBXBuildFile; fileRef = A438073818E76A5800E89BC5 /* c5.1 */; };
		A438073F18E76B9B00E89BC5 /* Env.c in Sources */ = {isa = PBXBuildFile; fileRef = A438073E18E76B9B00E89BC5 /* Env.c */; };
/* End PBXBuildFile section */

/* Begin PBXCopyFilesBuildPhase section */
		A438073218E76A5800E89BC5 /* CopyFiles */ = {
			isa = PBXCopyFilesBuildPhase;
			buildActionMask = 2147483647;
			dstPath = /usr/share/man/man1/;
			dstSubfolderSpec = 0;
			files = (
				A438073918E76A5800E89BC5 /* c5.1 in CopyFiles */,
			);
			runOnlyForDeploymentPostprocessing = 1;
		};
/* End PBXCopyFilesBuildPhase section */

/* Begin PBXFileReference section */
		A438072A18E763CF00E89BC5 /* libcod5.a */ = {isa = PBXFileReference; explicitFileType = archive.ar; includeInIndex = 0; path = libcod5.a; sourceTree = BUILT_PRODUCTS_DIR; };
		A438072E18E7646800E89BC5 /* src */ = {isa = PBXFileReference; lastKnownFileType = folder; path = src; sourceTree = "<group>"; };
		A438073418E76A5800E89BC5 /* c5 */ = {isa = PBXFileReference; explicitFileType = "compiled.mach-o.executable"; includeInIndex = 0; path = c5; sourceTree = BUILT_PRODUCTS_DIR; };
		A438073618E76A5800E89BC5 /* main.cpp */ = {isa = PBXFileReference; lastKnownFileType = sourcecode.cpp.cpp; path = main.cpp; sourceTree = "<group>"; };
		A438073818E76A5800E89BC5 /* c5.1 */ = {isa = PBXFileReference; lastKnownFileType = text.man; path = c5.1; sourceTree = "<group>"; };
		A438073E18E76B9B00E89BC5 /* Env.c */ = {isa = PBXFileReference; lastKnownFileType = file; name = Env.c; path = src/cc/Env.c; sourceTree = "<group>"; };
/* End PBXFileReference section */

/* Begin PBXFrameworksBuildPhase section */
		A438072718E763CF00E89BC5 /* Frameworks */ = {
			isa = PBXFrameworksBuildPhase;
			buildActionMask = 2147483647;
			files = (
				A438072F18E766C700E89BC5 /* libcod5.a in Frameworks */,
			);
			runOnlyForDeploymentPostprocessing = 0;
		};
		A438073118E76A5800E89BC5 /* Frameworks */ = {
			isa = PBXFrameworksBuildPhase;
			buildActionMask = 2147483647;
			files = (
			);
			runOnlyForDeploymentPostprocessing = 0;
		};
/* End PBXFrameworksBuildPhase section */

/* Begin PBXGroup section */
		A438072218E762F200E89BC5 /* Products */ = {
			isa = PBXGroup;
			children = (
				A438072A18E763CF00E89BC5 /* libcod5.a */,
				A438073418E76A5800E89BC5 /* c5 */,
			);
			name = Products;
			sourceTree = "<group>";
		};
		A438073518E76A5800E89BC5 /* c5 */ = {
			isa = PBXGroup;
			children = (
				A438073618E76A5800E89BC5 /* main.cpp */,
				A438073818E76A5800E89BC5 /* c5.1 */,
			);
			path = c5;
			sourceTree = "<group>";
		};
		A46FFDE318E709A300228844 = {
			isa = PBXGroup;
			children = (
				A438073E18E76B9B00E89BC5 /* Env.c */,
				A438072E18E7646800E89BC5 /* src */,
				A438073518E76A5800E89BC5 /* c5 */,
				A438072218E762F200E89BC5 /* Products */,
			);
			indentWidth = 8;
			sourceTree = "<group>";
			tabWidth = 8;
			usesTabs = 1;
			wrapsLines = 0;
		};
/* End PBXGroup section */

/* Begin PBXHeadersBuildPhase section */
		A438072818E763CF00E89BC5 /* Headers */ = {
			isa = PBXHeadersBuildPhase;
			buildActionMask = 2147483647;
			files = (
			);
			runOnlyForDeploymentPostprocessing = 0;
		};
/* End PBXHeadersBuildPhase section */

/* Begin PBXNativeTarget section */
		A438072918E763CF00E89BC5 /* cod5 */ = {
			isa = PBXNativeTarget;
			buildConfigurationList = A438072B18E763CF00E89BC5 /* Build configuration list for PBXNativeTarget "cod5" */;
			buildPhases = (
				A438072618E763CF00E89BC5 /* Sources */,
				A438072718E763CF00E89BC5 /* Frameworks */,
				A438072818E763CF00E89BC5 /* Headers */,
			);
			buildRules = (
			);
			dependencies = (
			);
			name = cod5;
			productName = cod5;
			productReference = A438072A18E763CF00E89BC5 /* libcod5.a */;
			productType = "com.apple.product-type.library.static";
		};
		A438073318E76A5800E89BC5 /* c5 */ = {
			isa = PBXNativeTarget;
			buildConfigurationList = A438073A18E76A5800E89BC5 /* Build configuration list for PBXNativeTarget "c5" */;
			buildPhases = (
				A438073018E76A5800E89BC5 /* Sources */,
				A438073118E76A5800E89BC5 /* Frameworks */,
				A438073218E76A5800E89BC5 /* CopyFiles */,
			);
			buildRules = (
			);
			dependencies = (
			);
			name = c5;
			productName = c5;
			productReference = A438073418E76A5800E89BC5 /* c5 */;
			productType = "com.apple.product-type.tool";
		};
/* End PBXNativeTarget section */

/* Begin PBXProject section */
		A46FFDE418E709A300228844 /* Project object */ = {
			isa = PBXProject;
			attributes = {
				LastUpgradeCheck = 0500;
				ORGANIZATIONNAME = cod5.org;
			};
			buildConfigurationList = A46FFDE718E709A300228844 /* Build configuration list for PBXProject "cod5" */;
			compatibilityVersion = "Xcode 3.2";
			developmentRegion = English;
			hasScannedForEncodings = 0;
			knownRegions = (
				en,
			);
			mainGroup = A46FFDE318E709A300228844;
			productRefGroup = A438072218E762F200E89BC5 /* Products */;
			projectDirPath = "";
			projectRoot = "";
			targets = (
				A438072918E763CF00E89BC5 /* cod5 */,
				A438073318E76A5800E89BC5 /* c5 */,
			);
		};
/* End PBXProject section */

/* Begin PBXSourcesBuildPhase section */
		A438072618E763CF00E89BC5 /* Sources */ = {
			isa = PBXSourcesBuildPhase;
			buildActionMask = 2147483647;
			files = (
				A438073F18E76B9B00E89BC5 /* Env.c in Sources */,
			);
			runOnlyForDeploymentPostprocessing = 0;
		};
		A438073018E76A5800E89BC5 /* Sources */ = {
			isa = PBXSourcesBuildPhase;
			buildActionMask = 2147483647;
			files = (
				A438073718E76A5800E89BC5 /* main.cpp in Sources */,
			);
			runOnlyForDeploymentPostprocessing = 0;
		};
/* End PBXSourcesBuildPhase section */

/* Begin XCBuildConfiguration section */
		A438072C18E763CF00E89BC5 /* Debug */ = {
			isa = XCBuildConfiguration;
			buildSettings = {
				ALWAYS_SEARCH_USER_PATHS = NO;
				CLANG_CXX_LANGUAGE_STANDARD = "gnu++0x";
				CLANG_CXX_LIBRARY = "libc++";
				CLANG_ENABLE_OBJC_ARC = YES;
				CLANG_WARN_BOOL_CONVERSION = YES;
				CLANG_WARN_CONSTANT_CONVERSION = YES;
				CLANG_WARN_DIRECT_OBJC_ISA_USAGE = YES_ERROR;
				CLANG_WARN_EMPTY_BODY = YES;
				CLANG_WARN_ENUM_CONVERSION = YES;
				CLANG_WARN_INT_CONVERSION = YES;
				CLANG_WARN_OBJC_ROOT_CLASS = YES_ERROR;
				CLANG_WARN__DUPLICATE_METHOD_MATCH = YES;
				COPY_PHASE_STRIP = NO;
				EXECUTABLE_PREFIX = lib;
				GCC_C_LANGUAGE_STANDARD = gnu99;
				GCC_DYNAMIC_NO_PIC = NO;
				GCC_ENABLE_OBJC_EXCEPTIONS = YES;
				GCC_OPTIMIZATION_LEVEL = 0;
				GCC_PREPROCESSOR_DEFINITIONS = (
					"DEBUG=1",
					"$(inherited)",
				);
				GCC_SYMBOLS_PRIVATE_EXTERN = NO;
				GCC_WARN_64_TO_32_BIT_CONVERSION = YES;
				GCC_WARN_ABOUT_RETURN_TYPE = YES_ERROR;
				GCC_WARN_UNDECLARED_SELECTOR = YES;
				GCC_WARN_UNINITIALIZED_AUTOS = YES;
				GCC_WARN_UNUSED_FUNCTION = YES;
				GCC_WARN_UNUSED_VARIABLE = YES;
				MACOSX_DEPLOYMENT_TARGET = 10.9;
				ONLY_ACTIVE_ARCH = YES;
				PRODUCT_NAME = "$(TARGET_NAME)";
				SDKROOT = macosx;
			};
			name = Debug;
		};
		A438072D18E763CF00E89BC5 /* Release */ = {
			isa = XCBuildConfiguration;
			buildSettings = {
				ALWAYS_SEARCH_USER_PATHS = NO;
				CLANG_CXX_LANGUAGE_STANDARD = "gnu++0x";
				CLANG_CXX_LIBRARY = "libc++";
				CLANG_ENABLE_OBJC_ARC = YES;
				CLANG_WARN_BOOL_CONVERSION = YES;
				CLANG_WARN_CONSTANT_CONVERSION = YES;
				CLANG_WARN_DIRECT_OBJC_ISA_USAGE = YES_ERROR;
				CLANG_WARN_EMPTY_BODY = YES;
				CLANG_WARN_ENUM_CONVERSION = YES;
				CLANG_WARN_INT_CONVERSION = YES;
				CLANG_WARN_OBJC_ROOT_CLASS = YES_ERROR;
				CLANG_WARN__DUPLICATE_METHOD_MATCH = YES;
				COPY_PHASE_STRIP = YES;
				DEBUG_INFORMATION_FORMAT = "dwarf-with-dsym";
				ENABLE_NS_ASSERTIONS = NO;
				EXECUTABLE_PREFIX = lib;
				GCC_C_LANGUAGE_STANDARD = gnu99;
				GCC_ENABLE_OBJC_EXCEPTIONS = YES;
				GCC_WARN_64_TO_32_BIT_CONVERSION = YES;
				GCC_WARN_ABOUT_RETURN_TYPE = YES_ERROR;
				GCC_WARN_UNDECLARED_SELECTOR = YES;
				GCC_WARN_UNINITIALIZED_AUTOS = YES;
				GCC_WARN_UNUSED_FUNCTION = YES;
				GCC_WARN_UNUSED_VARIABLE = YES;
				MACOSX_DEPLOYMENT_TARGET = 10.9;
				PRODUCT_NAME = "$(TARGET_NAME)";
				SDKROOT = macosx;
			};
			name = Release;
		};
		A438073B18E76A5800E89BC5 /* Debug */ = {
			isa = XCBuildConfiguration;
			buildSettings = {
				ALWAYS_SEARCH_USER_PATHS = NO;
				CLANG_CXX_LANGUAGE_STANDARD = "gnu++0x";
				CLANG_CXX_LIBRARY = "libc++";
				CLANG_ENABLE_OBJC_ARC = YES;
				CLANG_WARN_BOOL_CONVERSION = YES;
				CLANG_WARN_CONSTANT_CONVERSION = YES;
				CLANG_WARN_DIRECT_OBJC_ISA_USAGE = YES_ERROR;
				CLANG_WARN_EMPTY_BODY = YES;
				CLANG_WARN_ENUM_CONVERSION = YES;
				CLANG_WARN_INT_CONVERSION = YES;
				CLANG_WARN_OBJC_ROOT_CLASS = YES_ERROR;
				CLANG_WARN__DUPLICATE_METHOD_MATCH = YES;
				COPY_PHASE_STRIP = NO;
				GCC_C_LANGUAGE_STANDARD = gnu99;
				GCC_DYNAMIC_NO_PIC = NO;
				GCC_ENABLE_OBJC_EXCEPTIONS = YES;
				GCC_OPTIMIZATION_LEVEL = 0;
				GCC_PREPROCESSOR_DEFINITIONS = (
					"DEBUG=1",
					"$(inherited)",
				);
				GCC_SYMBOLS_PRIVATE_EXTERN = NO;
				GCC_WARN_64_TO_32_BIT_CONVERSION = YES;
				GCC_WARN_ABOUT_RETURN_TYPE = YES_ERROR;
				GCC_WARN_UNDECLARED_SELECTOR = YES;
				GCC_WARN_UNINITIALIZED_AUTOS = YES;
				GCC_WARN_UNUSED_FUNCTION = YES;
				GCC_WARN_UNUSED_VARIABLE = YES;
				MACOSX_DEPLOYMENT_TARGET = 10.9;
				ONLY_ACTIVE_ARCH = YES;
				PRODUCT_NAME = "$(TARGET_NAME)";
				SDKROOT = macosx;
			};
			name = Debug;
		};
		A438073C18E76A5800E89BC5 /* Release */ = {
			isa = XCBuildConfiguration;
			buildSettings = {
				ALWAYS_SEARCH_USER_PATHS = NO;
				CLANG_CXX_LANGUAGE_STANDARD = "gnu++0x";
				CLANG_CXX_LIBRARY = "libc++";
				CLANG_ENABLE_OBJC_ARC = YES;
				CLANG_WARN_BOOL_CONVERSION = YES;
				CLANG_WARN_CONSTANT_CONVERSION = YES;
				CLANG_WARN_DIRECT_OBJC_ISA_USAGE = YES_ERROR;
				CLANG_WARN_EMPTY_BODY = YES;
				CLANG_WARN_ENUM_CONVERSION = YES;
				CLANG_WARN_INT_CONVERSION = YES;
				CLANG_WARN_OBJC_ROOT_CLASS = YES_ERROR;
				CLANG_WARN__DUPLICATE_METHOD_MATCH = YES;
				COPY_PHASE_STRIP = YES;
				DEBUG_INFORMATION_FORMAT = "dwarf-with-dsym";
				ENABLE_NS_ASSERTIONS = NO;
				GCC_C_LANGUAGE_STANDARD = gnu99;
				GCC_ENABLE_OBJC_EXCEPTIONS = YES;
				GCC_WARN_64_TO_32_BIT_CONVERSION = YES;
				GCC_WARN_ABOUT_RETURN_TYPE = YES_ERROR;
				GCC_WARN_UNDECLARED_SELECTOR = YES;
				GCC_WARN_UNINITIALIZED_AUTOS = YES;
				GCC_WARN_UNUSED_FUNCTION = YES;
				GCC_WARN_UNUSED_VARIABLE = YES;
				MACOSX_DEPLOYMENT_TARGET = 10.9;
				PRODUCT_NAME = "$(TARGET_NAME)";
				SDKROOT = macosx;
			};
			name = Release;
		};
		A46FFDE818E709A300228844 /* Debug */ = {
			isa = XCBuildConfiguration;
			buildSettings = {
			};
			name = Debug;
		};
		A46FFDE918E709A300228844 /* Release */ = {
			isa = XCBuildConfiguration;
			buildSettings = {
			};
			name = Release;
		};
/* End XCBuildConfiguration section */

/* Begin XCConfigurationList section */
		A438072B18E763CF00E89BC5 /* Build configuration list for PBXNativeTarget "cod5" */ = {
			isa = XCConfigurationList;
			buildConfigurations = (
				A438072C18E763CF00E89BC5 /* Debug */,
				A438072D18E763CF00E89BC5 /* Release */,
			);
			defaultConfigurationIsVisible = 0;
		};
		A438073A18E76A5800E89BC5 /* Build configuration list for PBXNativeTarget "c5" */ = {
			isa = XCConfigurationList;
			buildConfigurations = (
				A438073B18E76A5800E89BC5 /* Debug */,
				A438073C18E76A5800E89BC5 /* Release */,
			);
			defaultConfigurationIsVisible = 0;
		};
		A46FFDE718E709A300228844 /* Build configuration list for PBXProject "cod5" */ = {
			isa = XCConfigurationList;
			buildConfigurations = (
				A46FFDE818E709A300228844 /* Debug */,
				A46FFDE918E709A300228844 /* Release */,
			);
			defaultConfigurationIsVisible = 0;
			defaultConfigurationName = Release;
		};
/* End XCConfigurationList section */
	};
	rootObject = A46FFDE418E709A300228844 /* Project object */;
}
